// !$*UTF8*$!
{
	archiveVersion = 1;
	classes = {
	};
	objectVersion = 52;
	objects = {

/* Begin PBXBuildFile section */
		6A0267B024DCE0730026C63E /* UI_Elements.swift in Sources */ = {isa = PBXBuildFile; fileRef = 6A0267AF24DCE0730026C63E /* UI_Elements.swift */; };
		6A1BC37B24C6922A00839930 /* AppDelegate.swift in Sources */ = {isa = PBXBuildFile; fileRef = 6A1BC37A24C6922A00839930 /* AppDelegate.swift */; };
		6A1BC37D24C6922A00839930 /* SceneDelegate.swift in Sources */ = {isa = PBXBuildFile; fileRef = 6A1BC37C24C6922A00839930 /* SceneDelegate.swift */; };
		6A1BC37F24C6922A00839930 /* SettingsViewController.swift in Sources */ = {isa = PBXBuildFile; fileRef = 6A1BC37E24C6922A00839930 /* SettingsViewController.swift */; };
		6A1BC38124C6922A00839930 /* GenerateViewController.swift in Sources */ = {isa = PBXBuildFile; fileRef = 6A1BC38024C6922A00839930 /* GenerateViewController.swift */; };
		6A1BC38424C6922A00839930 /* Main.storyboard in Resources */ = {isa = PBXBuildFile; fileRef = 6A1BC38224C6922A00839930 /* Main.storyboard */; };
		6A1BC38724C6922A00839930 /* Small_Business_QR_Code.xcdatamodeld in Sources */ = {isa = PBXBuildFile; fileRef = 6A1BC38524C6922A00839930 /* Small_Business_QR_Code.xcdatamodeld */; };
		6A1BC38924C6923E00839930 /* Assets.xcassets in Resources */ = {isa = PBXBuildFile; fileRef = 6A1BC38824C6923E00839930 /* Assets.xcassets */; };
		6A1BC38C24C6923E00839930 /* LaunchScreen.storyboard in Resources */ = {isa = PBXBuildFile; fileRef = 6A1BC38A24C6923E00839930 /* LaunchScreen.storyboard */; };
		6A1BC39924C6954500839930 /* TabBarViewController.swift in Sources */ = {isa = PBXBuildFile; fileRef = 6A1BC39824C6954500839930 /* TabBarViewController.swift */; };
		6A4C20D124E7699C00E86010 /* PayNowQRSwift in Frameworks */ = {isa = PBXBuildFile; productRef = 6A4C20D024E7699C00E86010 /* PayNowQRSwift */; };
		6AA4A24E24EB8B90006A9F71 /* HistoryTableViewController.swift in Sources */ = {isa = PBXBuildFile; fileRef = 6AA4A24D24EB8B90006A9F71 /* HistoryTableViewController.swift */; };
/* End PBXBuildFile section */

/* Begin PBXFileReference section */
		6A0267AF24DCE0730026C63E /* UI_Elements.swift */ = {isa = PBXFileReference; lastKnownFileType = sourcecode.swift; path = UI_Elements.swift; sourceTree = "<group>"; };
		6A1BC37724C6922A00839930 /* Small Business QR Code.app */ = {isa = PBXFileReference; explicitFileType = wrapper.application; includeInIndex = 0; path = "Small Business QR Code.app"; sourceTree = BUILT_PRODUCTS_DIR; };
		6A1BC37A24C6922A00839930 /* AppDelegate.swift */ = {isa = PBXFileReference; lastKnownFileType = sourcecode.swift; path = AppDelegate.swift; sourceTree = "<group>"; };
		6A1BC37C24C6922A00839930 /* SceneDelegate.swift */ = {isa = PBXFileReference; lastKnownFileType = sourcecode.swift; path = SceneDelegate.swift; sourceTree = "<group>"; };
		6A1BC37E24C6922A00839930 /* SettingsViewController.swift */ = {isa = PBXFileReference; lastKnownFileType = sourcecode.swift; path = SettingsViewController.swift; sourceTree = "<group>"; };
		6A1BC38024C6922A00839930 /* GenerateViewController.swift */ = {isa = PBXFileReference; lastKnownFileType = sourcecode.swift; path = GenerateViewController.swift; sourceTree = "<group>"; };
		6A1BC38324C6922A00839930 /* Base */ = {isa = PBXFileReference; lastKnownFileType = file.storyboard; name = Base; path = Base.lproj/Main.storyboard; sourceTree = "<group>"; };
		6A1BC38624C6922A00839930 /* Small_Business_QR_Code.xcdatamodel */ = {isa = PBXFileReference; lastKnownFileType = wrapper.xcdatamodel; path = Small_Business_QR_Code.xcdatamodel; sourceTree = "<group>"; };
		6A1BC38824C6923E00839930 /* Assets.xcassets */ = {isa = PBXFileReference; lastKnownFileType = folder.assetcatalog; path = Assets.xcassets; sourceTree = "<group>"; };
		6A1BC38B24C6923E00839930 /* Base */ = {isa = PBXFileReference; lastKnownFileType = file.storyboard; name = Base; path = Base.lproj/LaunchScreen.storyboard; sourceTree = "<group>"; };
		6A1BC38D24C6923E00839930 /* Info.plist */ = {isa = PBXFileReference; lastKnownFileType = text.plist.xml; path = Info.plist; sourceTree = "<group>"; };
		6A1BC39824C6954500839930 /* TabBarViewController.swift */ = {isa = PBXFileReference; lastKnownFileType = sourcecode.swift; path = TabBarViewController.swift; sourceTree = "<group>"; };
		6AA4A24D24EB8B90006A9F71 /* HistoryTableViewController.swift */ = {isa = PBXFileReference; lastKnownFileType = sourcecode.swift; path = HistoryTableViewController.swift; sourceTree = "<group>"; };
/* End PBXFileReference section */

/* Begin PBXFrameworksBuildPhase section */
		6A1BC37424C6922A00839930 /* Frameworks */ = {
			isa = PBXFrameworksBuildPhase;
			buildActionMask = 2147483647;
			files = (
				6A4C20D124E7699C00E86010 /* PayNowQRSwift in Frameworks */,
			);
			runOnlyForDeploymentPostprocessing = 0;
		};
/* End PBXFrameworksBuildPhase section */

/* Begin PBXGroup section */
		6A1BC36E24C6922900839930 = {
			isa = PBXGroup;
			children = (
				6A1BC37924C6922A00839930 /* Small Business QR Code */,
				6A1BC37824C6922A00839930 /* Products */,
			);
			sourceTree = "<group>";
		};
		6A1BC37824C6922A00839930 /* Products */ = {
			isa = PBXGroup;
			children = (
				6A1BC37724C6922A00839930 /* Small Business QR Code.app */,
			);
			name = Products;
			sourceTree = "<group>";
		};
		6A1BC37924C6922A00839930 /* Small Business QR Code */ = {
			isa = PBXGroup;
			children = (
				6A1BC37A24C6922A00839930 /* AppDelegate.swift */,
				6A1BC37C24C6922A00839930 /* SceneDelegate.swift */,
				6A1BC39424C6936500839930 /* Model */,
				6A1BC39324C6935A00839930 /* View */,
				6A1BC39524C6939100839930 /* Controllers */,
				6A1BC38824C6923E00839930 /* Assets.xcassets */,
				6A1BC38A24C6923E00839930 /* LaunchScreen.storyboard */,
				6A1BC38D24C6923E00839930 /* Info.plist */,
			);
			path = "Small Business QR Code";
			sourceTree = "<group>";
		};
		6A1BC39324C6935A00839930 /* View */ = {
			isa = PBXGroup;
			children = (
				6A1BC38224C6922A00839930 /* Main.storyboard */,
			);
			path = View;
			sourceTree = "<group>";
		};
		6A1BC39424C6936500839930 /* Model */ = {
			isa = PBXGroup;
			children = (
				6AA4A24C24EB886A006A9F71 /* Data Model */,
				6A3F1C6724DAC4A100C24945 /* Generate VC & Settings VC */,
			);
			path = Model;
			sourceTree = "<group>";
		};
		6A1BC39524C6939100839930 /* Controllers */ = {
			isa = PBXGroup;
			children = (
				6A1BC39D24C6956100839930 /* Tab Bar */,
				6A1BC39A24C6954D00839930 /* Settings */,
				6A1BC39B24C6955300839930 /* Generate */,
				6A1BC39C24C6955B00839930 /* History */,
			);
			path = Controllers;
			sourceTree = "<group>";
		};
		6A1BC39A24C6954D00839930 /* Settings */ = {
			isa = PBXGroup;
			children = (
				6A1BC37E24C6922A00839930 /* SettingsViewController.swift */,
			);
			path = Settings;
			sourceTree = "<group>";
		};
		6A1BC39B24C6955300839930 /* Generate */ = {
			isa = PBXGroup;
			children = (
				6A1BC38024C6922A00839930 /* GenerateViewController.swift */,
			);
			path = Generate;
			sourceTree = "<group>";
		};
		6A1BC39C24C6955B00839930 /* History */ = {
			isa = PBXGroup;
			children = (
				6AA4A24D24EB8B90006A9F71 /* HistoryTableViewController.swift */,
			);
			path = History;
			sourceTree = "<group>";
		};
		6A1BC39D24C6956100839930 /* Tab Bar */ = {
			isa = PBXGroup;
			children = (
				6A1BC39824C6954500839930 /* TabBarViewController.swift */,
			);
			path = "Tab Bar";
			sourceTree = "<group>";
		};
		6A3F1C6724DAC4A100C24945 /* Generate VC & Settings VC */ = {
			isa = PBXGroup;
			children = (
				6A0267AF24DCE0730026C63E /* UI_Elements.swift */,
			);
			path = "Generate VC & Settings VC";
			sourceTree = "<group>";
		};
		6AA4A24C24EB886A006A9F71 /* Data Model */ = {
			isa = PBXGroup;
			children = (
				6A1BC38524C6922A00839930 /* Small_Business_QR_Code.xcdatamodeld */,
			);
			path = "Data Model";
			sourceTree = "<group>";
		};
/* End PBXGroup section */

/* Begin PBXNativeTarget section */
		6A1BC37624C6922A00839930 /* Small Business QR Code */ = {
			isa = PBXNativeTarget;
			buildConfigurationList = 6A1BC39024C6923E00839930 /* Build configuration list for PBXNativeTarget "Small Business QR Code" */;
			buildPhases = (
				6A1BC37324C6922A00839930 /* Sources */,
				6A1BC37424C6922A00839930 /* Frameworks */,
				6A1BC37524C6922A00839930 /* Resources */,
			);
			buildRules = (
			);
			dependencies = (
			);
			name = "Small Business QR Code";
			packageProductDependencies = (
				6A4C20D024E7699C00E86010 /* PayNowQRSwift */,
			);
			productName = "Small Business QR Code";
			productReference = 6A1BC37724C6922A00839930 /* Small Business QR Code.app */;
			productType = "com.apple.product-type.application";
		};
/* End PBXNativeTarget section */

/* Begin PBXProject section */
		6A1BC36F24C6922900839930 /* Project object */ = {
			isa = PBXProject;
			attributes = {
				LastSwiftUpdateCheck = 1150;
				LastUpgradeCheck = 1150;
				ORGANIZATIONNAME = "Small Business QR Code";
				TargetAttributes = {
					6A1BC37624C6922A00839930 = {
						CreatedOnToolsVersion = 11.5;
					};
				};
			};
			buildConfigurationList = 6A1BC37224C6922900839930 /* Build configuration list for PBXProject "Small Business QR Code" */;
			compatibilityVersion = "Xcode 9.3";
			developmentRegion = en;
			hasScannedForEncodings = 0;
			knownRegions = (
				en,
				Base,
			);
			mainGroup = 6A1BC36E24C6922900839930;
			packageReferences = (
				6A4C20CF24E7699C00E86010 /* XCRemoteSwiftPackageReference "PayNowQRSwift" */,
			);
			productRefGroup = 6A1BC37824C6922A00839930 /* Products */;
			projectDirPath = "";
			projectRoot = "";
			targets = (
				6A1BC37624C6922A00839930 /* Small Business QR Code */,
			);
		};
/* End PBXProject section */

/* Begin PBXResourcesBuildPhase section */
		6A1BC37524C6922A00839930 /* Resources */ = {
			isa = PBXResourcesBuildPhase;
			buildActionMask = 2147483647;
			files = (
				6A1BC38C24C6923E00839930 /* LaunchScreen.storyboard in Resources */,
				6A1BC38924C6923E00839930 /* Assets.xcassets in Resources */,
				6A1BC38424C6922A00839930 /* Main.storyboard in Resources */,
			);
			runOnlyForDeploymentPostprocessing = 0;
		};
/* End PBXResourcesBuildPhase section */

/* Begin PBXSourcesBuildPhase section */
		6A1BC37324C6922A00839930 /* Sources */ = {
			isa = PBXSourcesBuildPhase;
			buildActionMask = 2147483647;
			files = (
				6A1BC38124C6922A00839930 /* GenerateViewController.swift in Sources */,
				6A1BC37F24C6922A00839930 /* SettingsViewController.swift in Sources */,
				6A0267B024DCE0730026C63E /* UI_Elements.swift in Sources */,
				6A1BC37B24C6922A00839930 /* AppDelegate.swift in Sources */,
				6AA4A24E24EB8B90006A9F71 /* HistoryTableViewController.swift in Sources */,
				6A1BC39924C6954500839930 /* TabBarViewController.swift in Sources */,
				6A1BC37D24C6922A00839930 /* SceneDelegate.swift in Sources */,
				6A1BC38724C6922A00839930 /* Small_Business_QR_Code.xcdatamodeld in Sources */,
			);
			runOnlyForDeploymentPostprocessing = 0;
		};
/* End PBXSourcesBuildPhase section */

/* Begin PBXVariantGroup section */
		6A1BC38224C6922A00839930 /* Main.storyboard */ = {
			isa = PBXVariantGroup;
			children = (
				6A1BC38324C6922A00839930 /* Base */,
			);
			name = Main.storyboard;
			sourceTree = "<group>";
		};
		6A1BC38A24C6923E00839930 /* LaunchScreen.storyboard */ = {
			isa = PBXVariantGroup;
			children = (
				6A1BC38B24C6923E00839930 /* Base */,
			);
			name = LaunchScreen.storyboard;
			sourceTree = "<group>";
		};
/* End PBXVariantGroup section */

/* Begin XCBuildConfiguration section */
		6A1BC38E24C6923E00839930 /* Debug */ = {
			isa = XCBuildConfiguration;
			buildSettings = {
				ALWAYS_SEARCH_USER_PATHS = NO;
				CLANG_ANALYZER_NONNULL = YES;
				CLANG_ANALYZER_NUMBER_OBJECT_CONVERSION = YES_AGGRESSIVE;
				CLANG_CXX_LANGUAGE_STANDARD = "gnu++14";
				CLANG_CXX_LIBRARY = "libc++";
				CLANG_ENABLE_MODULES = YES;
				CLANG_ENABLE_OBJC_ARC = YES;
				CLANG_ENABLE_OBJC_WEAK = YES;
				CLANG_WARN_BLOCK_CAPTURE_AUTORELEASING = YES;
				CLANG_WARN_BOOL_CONVERSION = YES;
				CLANG_WARN_COMMA = YES;
				CLANG_WARN_CONSTANT_CONVERSION = YES;
				CLANG_WARN_DEPRECATED_OBJC_IMPLEMENTATIONS = YES;
				CLANG_WARN_DIRECT_OBJC_ISA_USAGE = YES_ERROR;
				CLANG_WARN_DOCUMENTATION_COMMENTS = YES;
				CLANG_WARN_EMPTY_BODY = YES;
				CLANG_WARN_ENUM_CONVERSION = YES;
				CLANG_WARN_INFINITE_RECURSION = YES;
				CLANG_WARN_INT_CONVERSION = YES;
				CLANG_WARN_NON_LITERAL_NULL_CONVERSION = YES;
				CLANG_WARN_OBJC_IMPLICIT_RETAIN_SELF = YES;
				CLANG_WARN_OBJC_LITERAL_CONVERSION = YES;
				CLANG_WARN_OBJC_ROOT_CLASS = YES_ERROR;
				CLANG_WARN_RANGE_LOOP_ANALYSIS = YES;
				CLANG_WARN_STRICT_PROTOTYPES = YES;
				CLANG_WARN_SUSPICIOUS_MOVE = YES;
				CLANG_WARN_UNGUARDED_AVAILABILITY = YES_AGGRESSIVE;
				CLANG_WARN_UNREACHABLE_CODE = YES;
				CLANG_WARN__DUPLICATE_METHOD_MATCH = YES;
				COPY_PHASE_STRIP = NO;
				DEBUG_INFORMATION_FORMAT = dwarf;
				ENABLE_STRICT_OBJC_MSGSEND = YES;
				ENABLE_TESTABILITY = YES;
				GCC_C_LANGUAGE_STANDARD = gnu11;
				GCC_DYNAMIC_NO_PIC = NO;
				GCC_NO_COMMON_BLOCKS = YES;
				GCC_OPTIMIZATION_LEVEL = 0;
				GCC_PREPROCESSOR_DEFINITIONS = (
					"DEBUG=1",
					"$(inherited)",
				);
				GCC_WARN_64_TO_32_BIT_CONVERSION = YES;
				GCC_WARN_ABOUT_RETURN_TYPE = YES_ERROR;
				GCC_WARN_UNDECLARED_SELECTOR = YES;
				GCC_WARN_UNINITIALIZED_AUTOS = YES_AGGRESSIVE;
				GCC_WARN_UNUSED_FUNCTION = YES;
				GCC_WARN_UNUSED_VARIABLE = YES;
				IPHONEOS_DEPLOYMENT_TARGET = 13.5;
				MTL_ENABLE_DEBUG_INFO = INCLUDE_SOURCE;
				MTL_FAST_MATH = YES;
				ONLY_ACTIVE_ARCH = YES;
				SDKROOT = iphoneos;
				SWIFT_ACTIVE_COMPILATION_CONDITIONS = DEBUG;
				SWIFT_OPTIMIZATION_LEVEL = "-Onone";
			};
			name = Debug;
		};
		6A1BC38F24C6923E00839930 /* Release */ = {
			isa = XCBuildConfiguration;
			buildSettings = {
				ALWAYS_SEARCH_USER_PATHS = NO;
				CLANG_ANALYZER_NONNULL = YES;
				CLANG_ANALYZER_NUMBER_OBJECT_CONVERSION = YES_AGGRESSIVE;
				CLANG_CXX_LANGUAGE_STANDARD = "gnu++14";
				CLANG_CXX_LIBRARY = "libc++";
				CLANG_ENABLE_MODULES = YES;
				CLANG_ENABLE_OBJC_ARC = YES;
				CLANG_ENABLE_OBJC_WEAK = YES;
				CLANG_WARN_BLOCK_CAPTURE_AUTORELEASING = YES;
				CLANG_WARN_BOOL_CONVERSION = YES;
				CLANG_WARN_COMMA = YES;
				CLANG_WARN_CONSTANT_CONVERSION = YES;
				CLANG_WARN_DEPRECATED_OBJC_IMPLEMENTATIONS = YES;
				CLANG_WARN_DIRECT_OBJC_ISA_USAGE = YES_ERROR;
				CLANG_WARN_DOCUMENTATION_COMMENTS = YES;
				CLANG_WARN_EMPTY_BODY = YES;
				CLANG_WARN_ENUM_CONVERSION = YES;
				CLANG_WARN_INFINITE_RECURSION = YES;
				CLANG_WARN_INT_CONVERSION = YES;
				CLANG_WARN_NON_LITERAL_NULL_CONVERSION = YES;
				CLANG_WARN_OBJC_IMPLICIT_RETAIN_SELF = YES;
				CLANG_WARN_OBJC_LITERAL_CONVERSION = YES;
				CLANG_WARN_OBJC_ROOT_CLASS = YES_ERROR;
				CLANG_WARN_RANGE_LOOP_ANALYSIS = YES;
				CLANG_WARN_STRICT_PROTOTYPES = YES;
				CLANG_WARN_SUSPICIOUS_MOVE = YES;
				CLANG_WARN_UNGUARDED_AVAILABILITY = YES_AGGRESSIVE;
				CLANG_WARN_UNREACHABLE_CODE = YES;
				CLANG_WARN__DUPLICATE_METHOD_MATCH = YES;
				COPY_PHASE_STRIP = NO;
				DEBUG_INFORMATION_FORMAT = "dwarf-with-dsym";
				ENABLE_NS_ASSERTIONS = NO;
				ENABLE_STRICT_OBJC_MSGSEND = YES;
				GCC_C_LANGUAGE_STANDARD = gnu11;
				GCC_NO_COMMON_BLOCKS = YES;
				GCC_WARN_64_TO_32_BIT_CONVERSION = YES;
				GCC_WARN_ABOUT_RETURN_TYPE = YES_ERROR;
				GCC_WARN_UNDECLARED_SELECTOR = YES;
				GCC_WARN_UNINITIALIZED_AUTOS = YES_AGGRESSIVE;
				GCC_WARN_UNUSED_FUNCTION = YES;
				GCC_WARN_UNUSED_VARIABLE = YES;
				IPHONEOS_DEPLOYMENT_TARGET = 13.5;
				MTL_ENABLE_DEBUG_INFO = NO;
				MTL_FAST_MATH = YES;
				SDKROOT = iphoneos;
				SWIFT_COMPILATION_MODE = wholemodule;
				SWIFT_OPTIMIZATION_LEVEL = "-O";
				VALIDATE_PRODUCT = YES;
			};
			name = Release;
		};
		6A1BC39124C6923E00839930 /* Debug */ = {
			isa = XCBuildConfiguration;
			buildSettings = {
				ASSETCATALOG_COMPILER_APPICON_NAME = AppIcon;
				CODE_SIGN_STYLE = Automatic;
				CURRENT_PROJECT_VERSION = 3;
				DEVELOPMENT_TEAM = Q78SN8P897;
				INFOPLIST_FILE = "Small Business QR Code/Info.plist";
				IPHONEOS_DEPLOYMENT_TARGET = 13.5;
				LD_RUNPATH_SEARCH_PATHS = (
					"$(inherited)",
					"@executable_path/Frameworks",
				);
				PRODUCT_BUNDLE_IDENTIFIER = sg.matsol.ajiospaynow;
				PRODUCT_NAME = "$(TARGET_NAME)";
				SWIFT_VERSION = 5.0;
				TARGETED_DEVICE_FAMILY = 1;
			};
			name = Debug;
		};
		6A1BC39224C6923E00839930 /* Release */ = {
			isa = XCBuildConfiguration;
			buildSettings = {
				ASSETCATALOG_COMPILER_APPICON_NAME = AppIcon;
				CODE_SIGN_STYLE = Automatic;
				CURRENT_PROJECT_VERSION = 3;
				DEVELOPMENT_TEAM = Q78SN8P897;
				INFOPLIST_FILE = "Small Business QR Code/Info.plist";
				IPHONEOS_DEPLOYMENT_TARGET = 13.5;
				LD_RUNPATH_SEARCH_PATHS = (
					"$(inherited)",
					"@executable_path/Frameworks",
				);
				PRODUCT_BUNDLE_IDENTIFIER = sg.matsol.ajiospaynow;
				PRODUCT_NAME = "$(TARGET_NAME)";
				SWIFT_VERSION = 5.0;
				TARGETED_DEVICE_FAMILY = 1;
			};
			name = Release;
		};
/* End XCBuildConfiguration section */

/* Begin XCConfigurationList section */
		6A1BC37224C6922900839930 /* Build configuration list for PBXProject "Small Business QR Code" */ = {
			isa = XCConfigurationList;
			buildConfigurations = (
				6A1BC38E24C6923E00839930 /* Debug */,
				6A1BC38F24C6923E00839930 /* Release */,
			);
			defaultConfigurationIsVisible = 0;
			defaultConfigurationName = Release;
		};
		6A1BC39024C6923E00839930 /* Build configuration list for PBXNativeTarget "Small Business QR Code" */ = {
			isa = XCConfigurationList;
			buildConfigurations = (
				6A1BC39124C6923E00839930 /* Debug */,
				6A1BC39224C6923E00839930 /* Release */,
			);
			defaultConfigurationIsVisible = 0;
			defaultConfigurationName = Release;
		};
/* End XCConfigurationList section */

/* Begin XCRemoteSwiftPackageReference section */
		6A4C20CF24E7699C00E86010 /* XCRemoteSwiftPackageReference "PayNowQRSwift" */ = {
			isa = XCRemoteSwiftPackageReference;
			repositoryURL = "https://github.com/Angmar2722/PayNowQRSwift.git";
			requirement = {
				kind = upToNextMajorVersion;
				minimumVersion = 1.0.4;
			};
		};
/* End XCRemoteSwiftPackageReference section */

/* Begin XCSwiftPackageProductDependency section */
		6A4C20D024E7699C00E86010 /* PayNowQRSwift */ = {
			isa = XCSwiftPackageProductDependency;
			package = 6A4C20CF24E7699C00E86010 /* XCRemoteSwiftPackageReference "PayNowQRSwift" */;
			productName = PayNowQRSwift;
		};
/* End XCSwiftPackageProductDependency section */

/* Begin XCVersionGroup section */
		6A1BC38524C6922A00839930 /* Small_Business_QR_Code.xcdatamodeld */ = {
			isa = XCVersionGroup;
			children = (
				6A1BC38624C6922A00839930 /* Small_Business_QR_Code.xcdatamodel */,
			);
			currentVersion = 6A1BC38624C6922A00839930 /* Small_Business_QR_Code.xcdatamodel */;
			path = Small_Business_QR_Code.xcdatamodeld;
			sourceTree = "<group>";
			versionGroupType = wrapper.xcdatamodel;
		};
/* End XCVersionGroup section */
	};
	rootObject = 6A1BC36F24C6922900839930 /* Project object */;
}
